// !$*UTF8*$!
{
	archiveVersion = 1;
	classes = {
	};
	objectVersion = 50;
	objects = {

/* Begin PBXBuildFile section */
		B18E18AA217C238D005E97CE /* AppDelegate.swift in Sources */ = {isa = PBXBuildFile; fileRef = B18E18A9217C238D005E97CE /* AppDelegate.swift */; };
		B18E18AC217C238D005E97CE /* ViewController.swift in Sources */ = {isa = PBXBuildFile; fileRef = B18E18AB217C238D005E97CE /* ViewController.swift */; };
		B18E18AF217C238D005E97CE /* Main.storyboard in Resources */ = {isa = PBXBuildFile; fileRef = B18E18AD217C238D005E97CE /* Main.storyboard */; };
		B18E18B1217C238E005E97CE /* Assets.xcassets in Resources */ = {isa = PBXBuildFile; fileRef = B18E18B0217C238E005E97CE /* Assets.xcassets */; };
		B18E18B4217C238E005E97CE /* LaunchScreen.storyboard in Resources */ = {isa = PBXBuildFile; fileRef = B18E18B2217C238E005E97CE /* LaunchScreen.storyboard */; };
		B18E18CA217C23BA005E97CE /* TwoSumTests.swift in Sources */ = {isa = PBXBuildFile; fileRef = B18E18C9217C23BA005E97CE /* TwoSumTests.swift */; };
		B18E18CD217C241B005E97CE /* TwoSum.swift in Sources */ = {isa = PBXBuildFile; fileRef = B18E18CC217C241B005E97CE /* TwoSum.swift */; };
		B18E18CF217C2509005E97CE /* TwoSumII.swift in Sources */ = {isa = PBXBuildFile; fileRef = B18E18CE217C2509005E97CE /* TwoSumII.swift */; };
		B18E18D1217C3695005E97CE /* TwoSumIITest.swift in Sources */ = {isa = PBXBuildFile; fileRef = B18E18D0217C3695005E97CE /* TwoSumIITest.swift */; };
		B1A3C23621D3208C00C9E0BD /* Search in a Binary Search Tree.swift in Sources */ = {isa = PBXBuildFile; fileRef = B1A3C23521D3208C00C9E0BD /* Search in a Binary Search Tree.swift */; };
		B1A3C23821D32A5D00C9E0BD /* searchBSTTest.swift in Sources */ = {isa = PBXBuildFile; fileRef = B1A3C23721D32A5D00C9E0BD /* searchBSTTest.swift */; };
		B1A3C23A21D32EF200C9E0BD /* invertTree.swift in Sources */ = {isa = PBXBuildFile; fileRef = B1A3C23921D32EF200C9E0BD /* invertTree.swift */; };
		B1A3C23C21D36FF400C9E0BD /* IsSubtree.swift in Sources */ = {isa = PBXBuildFile; fileRef = B1A3C23B21D36FF400C9E0BD /* IsSubtree.swift */; };
		B1A3C23E21D3700D00C9E0BD /* IsSubtreeTest.swift in Sources */ = {isa = PBXBuildFile; fileRef = B1A3C23D21D3700D00C9E0BD /* IsSubtreeTest.swift */; };
		B1A3C29A21D5150500C9E0BD /* ListNode.swift in Sources */ = {isa = PBXBuildFile; fileRef = B1A3C29921D5150500C9E0BD /* ListNode.swift */; };
		B1A3C29C21D515E700C9E0BD /* ReverseList.swift in Sources */ = {isa = PBXBuildFile; fileRef = B1A3C29B21D515E700C9E0BD /* ReverseList.swift */; };
		B1A3C29E21D515FC00C9E0BD /* ReverseListTest.swift in Sources */ = {isa = PBXBuildFile; fileRef = B1A3C29D21D515FC00C9E0BD /* ReverseListTest.swift */; };
		B1A3C2A021D528D200C9E0BD /* MergeTwoSortedLists.swift in Sources */ = {isa = PBXBuildFile; fileRef = B1A3C29F21D528D200C9E0BD /* MergeTwoSortedLists.swift */; };
		B1A3C2A221D5290000C9E0BD /* MergeTwoListsTest.swift in Sources */ = {isa = PBXBuildFile; fileRef = B1A3C2A121D5290000C9E0BD /* MergeTwoListsTest.swift */; };
		B1A3C2A421D603EB00C9E0BD /* InvertTreeTest.swift in Sources */ = {isa = PBXBuildFile; fileRef = B1A3C2A321D603EB00C9E0BD /* InvertTreeTest.swift */; };
		B1A3C2A621D61D4900C9E0BD /* Network Delay Time.swift in Sources */ = {isa = PBXBuildFile; fileRef = B1A3C2A521D61D4900C9E0BD /* Network Delay Time.swift */; };
		B1B91DE021CCEA1D0011DBB6 /* RemoveDuplicatesfromSortedArray.swift in Sources */ = {isa = PBXBuildFile; fileRef = B1B91DDF21CCEA1D0011DBB6 /* RemoveDuplicatesfromSortedArray.swift */; };
		B1B91DE221CCEA8F0011DBB6 /* RemoveDuplicatesFromSortedArray.swift in Sources */ = {isa = PBXBuildFile; fileRef = B1B91DE121CCEA8F0011DBB6 /* RemoveDuplicatesFromSortedArray.swift */; };
		B1B91DE421CF4EEA0011DBB6 /* ShortestCompetingWorld.swift in Sources */ = {isa = PBXBuildFile; fileRef = B1B91DE321CF4EEA0011DBB6 /* ShortestCompetingWorld.swift */; };
		B1B91DE621CF4F060011DBB6 /* ShortestCompetingWorldTest.swift in Sources */ = {isa = PBXBuildFile; fileRef = B1B91DE521CF4F060011DBB6 /* ShortestCompetingWorldTest.swift */; };
		B1B91E1A21D0C0790011DBB6 /* Leaf-Similar Trees.swift in Sources */ = {isa = PBXBuildFile; fileRef = B1B91E1921D0C0790011DBB6 /* Leaf-Similar Trees.swift */; };
		B1B91E1C21D0C0880011DBB6 /* Leaf-Similar Trees.swift in Sources */ = {isa = PBXBuildFile; fileRef = B1B91E1B21D0C0880011DBB6 /* Leaf-Similar Trees.swift */; };
		B1B91E1F21D0C64D0011DBB6 /* TreeNode.swift in Sources */ = {isa = PBXBuildFile; fileRef = B1B91E1E21D0C64D0011DBB6 /* TreeNode.swift */; };
/* End PBXBuildFile section */

/* Begin PBXContainerItemProxy section */
		B18E18BB217C238E005E97CE /* PBXContainerItemProxy */ = {
			isa = PBXContainerItemProxy;
			containerPortal = B18E189E217C238D005E97CE /* Project object */;
			proxyType = 1;
			remoteGlobalIDString = B18E18A5217C238D005E97CE;
			remoteInfo = LeetCode;
		};
/* End PBXContainerItemProxy section */

/* Begin PBXFileReference section */
		B18E18A6217C238D005E97CE /* LeetCode.app */ = {isa = PBXFileReference; explicitFileType = wrapper.application; includeInIndex = 0; path = LeetCode.app; sourceTree = BUILT_PRODUCTS_DIR; };
		B18E18A9217C238D005E97CE /* AppDelegate.swift */ = {isa = PBXFileReference; lastKnownFileType = sourcecode.swift; path = AppDelegate.swift; sourceTree = "<group>"; };
		B18E18AB217C238D005E97CE /* ViewController.swift */ = {isa = PBXFileReference; lastKnownFileType = sourcecode.swift; path = ViewController.swift; sourceTree = "<group>"; };
		B18E18AE217C238D005E97CE /* Base */ = {isa = PBXFileReference; lastKnownFileType = file.storyboard; name = Base; path = Base.lproj/Main.storyboard; sourceTree = "<group>"; };
		B18E18B0217C238E005E97CE /* Assets.xcassets */ = {isa = PBXFileReference; lastKnownFileType = folder.assetcatalog; path = Assets.xcassets; sourceTree = "<group>"; };
		B18E18B3217C238E005E97CE /* Base */ = {isa = PBXFileReference; lastKnownFileType = file.storyboard; name = Base; path = Base.lproj/LaunchScreen.storyboard; sourceTree = "<group>"; };
		B18E18B5217C238E005E97CE /* Info.plist */ = {isa = PBXFileReference; lastKnownFileType = text.plist.xml; path = Info.plist; sourceTree = "<group>"; };
		B18E18BA217C238E005E97CE /* LeetCodeTests.xctest */ = {isa = PBXFileReference; explicitFileType = wrapper.cfbundle; includeInIndex = 0; path = LeetCodeTests.xctest; sourceTree = BUILT_PRODUCTS_DIR; };
		B18E18C0217C238E005E97CE /* Info.plist */ = {isa = PBXFileReference; lastKnownFileType = text.plist.xml; path = Info.plist; sourceTree = "<group>"; };
		B18E18C9217C23BA005E97CE /* TwoSumTests.swift */ = {isa = PBXFileReference; lastKnownFileType = sourcecode.swift; path = TwoSumTests.swift; sourceTree = "<group>"; };
		B18E18CC217C241B005E97CE /* TwoSum.swift */ = {isa = PBXFileReference; lastKnownFileType = sourcecode.swift; path = TwoSum.swift; sourceTree = "<group>"; };
		B18E18CE217C2509005E97CE /* TwoSumII.swift */ = {isa = PBXFileReference; lastKnownFileType = sourcecode.swift; path = TwoSumII.swift; sourceTree = "<group>"; };
		B18E18D0217C3695005E97CE /* TwoSumIITest.swift */ = {isa = PBXFileReference; lastKnownFileType = sourcecode.swift; path = TwoSumIITest.swift; sourceTree = "<group>"; };
		B1A3C23521D3208C00C9E0BD /* Search in a Binary Search Tree.swift */ = {isa = PBXFileReference; lastKnownFileType = sourcecode.swift; path = "Search in a Binary Search Tree.swift"; sourceTree = "<group>"; };
		B1A3C23721D32A5D00C9E0BD /* searchBSTTest.swift */ = {isa = PBXFileReference; lastKnownFileType = sourcecode.swift; path = searchBSTTest.swift; sourceTree = "<group>"; };
		B1A3C23921D32EF200C9E0BD /* invertTree.swift */ = {isa = PBXFileReference; lastKnownFileType = sourcecode.swift; path = invertTree.swift; sourceTree = "<group>"; };
		B1A3C23B21D36FF400C9E0BD /* IsSubtree.swift */ = {isa = PBXFileReference; lastKnownFileType = sourcecode.swift; path = IsSubtree.swift; sourceTree = "<group>"; };
		B1A3C23D21D3700D00C9E0BD /* IsSubtreeTest.swift */ = {isa = PBXFileReference; lastKnownFileType = sourcecode.swift; path = IsSubtreeTest.swift; sourceTree = "<group>"; };
		B1A3C29921D5150500C9E0BD /* ListNode.swift */ = {isa = PBXFileReference; lastKnownFileType = sourcecode.swift; path = ListNode.swift; sourceTree = "<group>"; };
		B1A3C29B21D515E700C9E0BD /* ReverseList.swift */ = {isa = PBXFileReference; lastKnownFileType = sourcecode.swift; path = ReverseList.swift; sourceTree = "<group>"; };
		B1A3C29D21D515FC00C9E0BD /* ReverseListTest.swift */ = {isa = PBXFileReference; lastKnownFileType = sourcecode.swift; path = ReverseListTest.swift; sourceTree = "<group>"; };
		B1A3C29F21D528D200C9E0BD /* MergeTwoSortedLists.swift */ = {isa = PBXFileReference; lastKnownFileType = sourcecode.swift; path = MergeTwoSortedLists.swift; sourceTree = "<group>"; };
		B1A3C2A121D5290000C9E0BD /* MergeTwoListsTest.swift */ = {isa = PBXFileReference; lastKnownFileType = sourcecode.swift; path = MergeTwoListsTest.swift; sourceTree = "<group>"; };
		B1A3C2A321D603EB00C9E0BD /* InvertTreeTest.swift */ = {isa = PBXFileReference; lastKnownFileType = sourcecode.swift; path = InvertTreeTest.swift; sourceTree = "<group>"; };
		B1A3C2A521D61D4900C9E0BD /* Network Delay Time.swift */ = {isa = PBXFileReference; lastKnownFileType = sourcecode.swift; path = "Network Delay Time.swift"; sourceTree = "<group>"; };
		B1B91DDF21CCEA1D0011DBB6 /* RemoveDuplicatesfromSortedArray.swift */ = {isa = PBXFileReference; lastKnownFileType = sourcecode.swift; path = RemoveDuplicatesfromSortedArray.swift; sourceTree = "<group>"; };
		B1B91DE121CCEA8F0011DBB6 /* RemoveDuplicatesFromSortedArray.swift */ = {isa = PBXFileReference; lastKnownFileType = sourcecode.swift; path = RemoveDuplicatesFromSortedArray.swift; sourceTree = "<group>"; };
		B1B91DE321CF4EEA0011DBB6 /* ShortestCompetingWorld.swift */ = {isa = PBXFileReference; lastKnownFileType = sourcecode.swift; path = ShortestCompetingWorld.swift; sourceTree = "<group>"; };
		B1B91DE521CF4F060011DBB6 /* ShortestCompetingWorldTest.swift */ = {isa = PBXFileReference; lastKnownFileType = sourcecode.swift; path = ShortestCompetingWorldTest.swift; sourceTree = "<group>"; };
		B1B91E1921D0C0790011DBB6 /* Leaf-Similar Trees.swift */ = {isa = PBXFileReference; lastKnownFileType = sourcecode.swift; path = "Leaf-Similar Trees.swift"; sourceTree = "<group>"; };
		B1B91E1B21D0C0880011DBB6 /* Leaf-Similar Trees.swift */ = {isa = PBXFileReference; lastKnownFileType = sourcecode.swift; path = "Leaf-Similar Trees.swift"; sourceTree = "<group>"; };
		B1B91E1E21D0C64D0011DBB6 /* TreeNode.swift */ = {isa = PBXFileReference; lastKnownFileType = sourcecode.swift; path = TreeNode.swift; sourceTree = "<group>"; };
/* End PBXFileReference section */

/* Begin PBXFrameworksBuildPhase section */
		B18E18A3217C238D005E97CE /* Frameworks */ = {
			isa = PBXFrameworksBuildPhase;
			buildActionMask = 2147483647;
			files = (
			);
			runOnlyForDeploymentPostprocessing = 0;
		};
		B18E18B7217C238E005E97CE /* Frameworks */ = {
			isa = PBXFrameworksBuildPhase;
			buildActionMask = 2147483647;
			files = (
			);
			runOnlyForDeploymentPostprocessing = 0;
		};
/* End PBXFrameworksBuildPhase section */

/* Begin PBXGroup section */
		B18E189D217C238D005E97CE = {
			isa = PBXGroup;
			children = (
				B18E18A8217C238D005E97CE /* LeetCode */,
				B18E18BD217C238E005E97CE /* LeetCodeTests */,
				B18E18A7217C238D005E97CE /* Products */,
			);
			sourceTree = "<group>";
		};
		B18E18A7217C238D005E97CE /* Products */ = {
			isa = PBXGroup;
			children = (
				B18E18A6217C238D005E97CE /* LeetCode.app */,
				B18E18BA217C238E005E97CE /* LeetCodeTests.xctest */,
			);
			name = Products;
			sourceTree = "<group>";
		};
		B18E18A8217C238D005E97CE /* LeetCode */ = {
			isa = PBXGroup;
			children = (
				B1B91E1D21D0C1B00011DBB6 /* SupportClasses */,
				B18E18CB217C23F6005E97CE /* LeetCode */,
				B18E18A9217C238D005E97CE /* AppDelegate.swift */,
				B18E18AB217C238D005E97CE /* ViewController.swift */,
				B18E18AD217C238D005E97CE /* Main.storyboard */,
				B18E18B0217C238E005E97CE /* Assets.xcassets */,
				B18E18B2217C238E005E97CE /* LaunchScreen.storyboard */,
				B18E18B5217C238E005E97CE /* Info.plist */,
			);
			path = LeetCode;
			sourceTree = "<group>";
		};
		B18E18BD217C238E005E97CE /* LeetCodeTests */ = {
			isa = PBXGroup;
			children = (
				B18E18C9217C23BA005E97CE /* TwoSumTests.swift */,
				B18E18D0217C3695005E97CE /* TwoSumIITest.swift */,
				B1B91DE121CCEA8F0011DBB6 /* RemoveDuplicatesFromSortedArray.swift */,
				B1B91DE521CF4F060011DBB6 /* ShortestCompetingWorldTest.swift */,
				B1B91E1B21D0C0880011DBB6 /* Leaf-Similar Trees.swift */,
				B1A3C23721D32A5D00C9E0BD /* searchBSTTest.swift */,
				B18E18C0217C238E005E97CE /* Info.plist */,
				B1A3C23D21D3700D00C9E0BD /* IsSubtreeTest.swift */,
				B1A3C29D21D515FC00C9E0BD /* ReverseListTest.swift */,
				B1A3C2A121D5290000C9E0BD /* MergeTwoListsTest.swift */,
				B1A3C2A321D603EB00C9E0BD /* InvertTreeTest.swift */,
			);
			path = LeetCodeTests;
			sourceTree = "<group>";
		};
		B18E18CB217C23F6005E97CE /* LeetCode */ = {
			isa = PBXGroup;
			children = (
				B18E18CC217C241B005E97CE /* TwoSum.swift */,
				B18E18CE217C2509005E97CE /* TwoSumII.swift */,
				B1B91DDF21CCEA1D0011DBB6 /* RemoveDuplicatesfromSortedArray.swift */,
				B1B91DE321CF4EEA0011DBB6 /* ShortestCompetingWorld.swift */,
				B1B91E1921D0C0790011DBB6 /* Leaf-Similar Trees.swift */,
				B1A3C23521D3208C00C9E0BD /* Search in a Binary Search Tree.swift */,
				B1A3C23921D32EF200C9E0BD /* invertTree.swift */,
				B1A3C29B21D515E700C9E0BD /* ReverseList.swift */,
				B1A3C23B21D36FF400C9E0BD /* IsSubtree.swift */,
				B1A3C29F21D528D200C9E0BD /* MergeTwoSortedLists.swift */,
				B1A3C2A521D61D4900C9E0BD /* Network Delay Time.swift */,
			);
			path = LeetCode;
			sourceTree = "<group>";
		};
		B1B91E1D21D0C1B00011DBB6 /* SupportClasses */ = {
			isa = PBXGroup;
			children = (
				B1B91E1E21D0C64D0011DBB6 /* TreeNode.swift */,
				B1A3C29921D5150500C9E0BD /* ListNode.swift */,
			);
			path = SupportClasses;
			sourceTree = "<group>";
		};
/* End PBXGroup section */

/* Begin PBXNativeTarget section */
		B18E18A5217C238D005E97CE /* LeetCode */ = {
			isa = PBXNativeTarget;
			buildConfigurationList = B18E18C3217C238E005E97CE /* Build configuration list for PBXNativeTarget "LeetCode" */;
			buildPhases = (
				B18E18A2217C238D005E97CE /* Sources */,
				B18E18A3217C238D005E97CE /* Frameworks */,
				B18E18A4217C238D005E97CE /* Resources */,
			);
			buildRules = (
			);
			dependencies = (
			);
			name = LeetCode;
			productName = LeetCode;
			productReference = B18E18A6217C238D005E97CE /* LeetCode.app */;
			productType = "com.apple.product-type.application";
		};
		B18E18B9217C238E005E97CE /* LeetCodeTests */ = {
			isa = PBXNativeTarget;
			buildConfigurationList = B18E18C6217C238E005E97CE /* Build configuration list for PBXNativeTarget "LeetCodeTests" */;
			buildPhases = (
				B18E18B6217C238E005E97CE /* Sources */,
				B18E18B7217C238E005E97CE /* Frameworks */,
				B18E18B8217C238E005E97CE /* Resources */,
			);
			buildRules = (
			);
			dependencies = (
				B18E18BC217C238E005E97CE /* PBXTargetDependency */,
			);
			name = LeetCodeTests;
			productName = LeetCodeTests;
			productReference = B18E18BA217C238E005E97CE /* LeetCodeTests.xctest */;
			productType = "com.apple.product-type.bundle.unit-test";
		};
/* End PBXNativeTarget section */

/* Begin PBXProject section */
		B18E189E217C238D005E97CE /* Project object */ = {
			isa = PBXProject;
			attributes = {
				LastSwiftUpdateCheck = 1000;
				LastUpgradeCheck = 1000;
				ORGANIZATIONNAME = "Tianchi Wang";
				TargetAttributes = {
					B18E18A5217C238D005E97CE = {
						CreatedOnToolsVersion = 10.0;
					};
					B18E18B9217C238E005E97CE = {
						CreatedOnToolsVersion = 10.0;
						TestTargetID = B18E18A5217C238D005E97CE;
					};
				};
			};
			buildConfigurationList = B18E18A1217C238D005E97CE /* Build configuration list for PBXProject "LeetCode" */;
			compatibilityVersion = "Xcode 9.3";
			developmentRegion = en;
			hasScannedForEncodings = 0;
			knownRegions = (
				en,
				Base,
			);
			mainGroup = B18E189D217C238D005E97CE;
			productRefGroup = B18E18A7217C238D005E97CE /* Products */;
			projectDirPath = "";
			projectRoot = "";
			targets = (
				B18E18A5217C238D005E97CE /* LeetCode */,
				B18E18B9217C238E005E97CE /* LeetCodeTests */,
			);
		};
/* End PBXProject section */

/* Begin PBXResourcesBuildPhase section */
		B18E18A4217C238D005E97CE /* Resources */ = {
			isa = PBXResourcesBuildPhase;
			buildActionMask = 2147483647;
			files = (
				B18E18B4217C238E005E97CE /* LaunchScreen.storyboard in Resources */,
				B18E18B1217C238E005E97CE /* Assets.xcassets in Resources */,
				B18E18AF217C238D005E97CE /* Main.storyboard in Resources */,
			);
			runOnlyForDeploymentPostprocessing = 0;
		};
		B18E18B8217C238E005E97CE /* Resources */ = {
			isa = PBXResourcesBuildPhase;
			buildActionMask = 2147483647;
			files = (
			);
			runOnlyForDeploymentPostprocessing = 0;
		};
/* End PBXResourcesBuildPhase section */

/* Begin PBXSourcesBuildPhase section */
		B18E18A2217C238D005E97CE /* Sources */ = {
			isa = PBXSourcesBuildPhase;
			buildActionMask = 2147483647;
			files = (
				B18E18AC217C238D005E97CE /* ViewController.swift in Sources */,
				B1B91E1A21D0C0790011DBB6 /* Leaf-Similar Trees.swift in Sources */,
				B18E18AA217C238D005E97CE /* AppDelegate.swift in Sources */,
				B18E18CF217C2509005E97CE /* TwoSumII.swift in Sources */,
				B1B91DE421CF4EEA0011DBB6 /* ShortestCompetingWorld.swift in Sources */,
				B1B91DE021CCEA1D0011DBB6 /* RemoveDuplicatesfromSortedArray.swift in Sources */,
				B1A3C23C21D36FF400C9E0BD /* IsSubtree.swift in Sources */,
				B18E18CD217C241B005E97CE /* TwoSum.swift in Sources */,
				B1A3C29A21D5150500C9E0BD /* ListNode.swift in Sources */,
				B1A3C2A621D61D4900C9E0BD /* Network Delay Time.swift in Sources */,
				B1A3C23621D3208C00C9E0BD /* Search in a Binary Search Tree.swift in Sources */,
				B1B91E1F21D0C64D0011DBB6 /* TreeNode.swift in Sources */,
				B1A3C23A21D32EF200C9E0BD /* invertTree.swift in Sources */,
				B1A3C2A021D528D200C9E0BD /* MergeTwoSortedLists.swift in Sources */,
				B1A3C29C21D515E700C9E0BD /* ReverseList.swift in Sources */,
			);
			runOnlyForDeploymentPostprocessing = 0;
		};
		B18E18B6217C238E005E97CE /* Sources */ = {
			isa = PBXSourcesBuildPhase;
			buildActionMask = 2147483647;
			files = (
				B1A3C29E21D515FC00C9E0BD /* ReverseListTest.swift in Sources */,
				B18E18D1217C3695005E97CE /* TwoSumIITest.swift in Sources */,
				B1B91DE221CCEA8F0011DBB6 /* RemoveDuplicatesFromSortedArray.swift in Sources */,
				B1B91E1C21D0C0880011DBB6 /* Leaf-Similar Trees.swift in Sources */,
				B1A3C2A221D5290000C9E0BD /* MergeTwoListsTest.swift in Sources */,
				B1B91DE621CF4F060011DBB6 /* ShortestCompetingWorldTest.swift in Sources */,
				B1A3C23E21D3700D00C9E0BD /* IsSubtreeTest.swift in Sources */,
				B1A3C2A421D603EB00C9E0BD /* InvertTreeTest.swift in Sources */,
				B18E18CA217C23BA005E97CE /* TwoSumTests.swift in Sources */,
				B1A3C23821D32A5D00C9E0BD /* searchBSTTest.swift in Sources */,
			);
			runOnlyForDeploymentPostprocessing = 0;
		};
/* End PBXSourcesBuildPhase section */

/* Begin PBXTargetDependency section */
		B18E18BC217C238E005E97CE /* PBXTargetDependency */ = {
			isa = PBXTargetDependency;
			target = B18E18A5217C238D005E97CE /* LeetCode */;
			targetProxy = B18E18BB217C238E005E97CE /* PBXContainerItemProxy */;
		};
/* End PBXTargetDependency section */

/* Begin PBXVariantGroup section */
		B18E18AD217C238D005E97CE /* Main.storyboard */ = {
			isa = PBXVariantGroup;
			children = (
				B18E18AE217C238D005E97CE /* Base */,
			);
			name = Main.storyboard;
			sourceTree = "<group>";
		};
		B18E18B2217C238E005E97CE /* LaunchScreen.storyboard */ = {
			isa = PBXVariantGroup;
			children = (
				B18E18B3217C238E005E97CE /* Base */,
			);
			name = LaunchScreen.storyboard;
			sourceTree = "<group>";
		};
/* End PBXVariantGroup section */

/* Begin XCBuildConfiguration section */
		B18E18C1217C238E005E97CE /* Debug */ = {
			isa = XCBuildConfiguration;
			buildSettings = {
				ALWAYS_SEARCH_USER_PATHS = NO;
				CLANG_ANALYZER_NONNULL = YES;
				CLANG_ANALYZER_NUMBER_OBJECT_CONVERSION = YES_AGGRESSIVE;
				CLANG_CXX_LANGUAGE_STANDARD = "gnu++14";
				CLANG_CXX_LIBRARY = "libc++";
				CLANG_ENABLE_MODULES = YES;
				CLANG_ENABLE_OBJC_ARC = YES;
				CLANG_ENABLE_OBJC_WEAK = YES;
				CLANG_WARN_BLOCK_CAPTURE_AUTORELEASING = YES;
				CLANG_WARN_BOOL_CONVERSION = YES;
				CLANG_WARN_COMMA = YES;
				CLANG_WARN_CONSTANT_CONVERSION = YES;
				CLANG_WARN_DEPRECATED_OBJC_IMPLEMENTATIONS = YES;
				CLANG_WARN_DIRECT_OBJC_ISA_USAGE = YES_ERROR;
				CLANG_WARN_DOCUMENTATION_COMMENTS = YES;
				CLANG_WARN_EMPTY_BODY = YES;
				CLANG_WARN_ENUM_CONVERSION = YES;
				CLANG_WARN_INFINITE_RECURSION = YES;
				CLANG_WARN_INT_CONVERSION = YES;
				CLANG_WARN_NON_LITERAL_NULL_CONVERSION = YES;
				CLANG_WARN_OBJC_IMPLICIT_RETAIN_SELF = YES;
				CLANG_WARN_OBJC_LITERAL_CONVERSION = YES;
				CLANG_WARN_OBJC_ROOT_CLASS = YES_ERROR;
				CLANG_WARN_RANGE_LOOP_ANALYSIS = YES;
				CLANG_WARN_STRICT_PROTOTYPES = YES;
				CLANG_WARN_SUSPICIOUS_MOVE = YES;
				CLANG_WARN_UNGUARDED_AVAILABILITY = YES_AGGRESSIVE;
				CLANG_WARN_UNREACHABLE_CODE = YES;
				CLANG_WARN__DUPLICATE_METHOD_MATCH = YES;
				CODE_SIGN_IDENTITY = "iPhone Developer";
				COPY_PHASE_STRIP = NO;
				DEBUG_INFORMATION_FORMAT = dwarf;
				ENABLE_STRICT_OBJC_MSGSEND = YES;
				ENABLE_TESTABILITY = YES;
				GCC_C_LANGUAGE_STANDARD = gnu11;
				GCC_DYNAMIC_NO_PIC = NO;
				GCC_NO_COMMON_BLOCKS = YES;
				GCC_OPTIMIZATION_LEVEL = 0;
				GCC_PREPROCESSOR_DEFINITIONS = (
					"DEBUG=1",
					"$(inherited)",
				);
				GCC_WARN_64_TO_32_BIT_CONVERSION = YES;
				GCC_WARN_ABOUT_RETURN_TYPE = YES_ERROR;
				GCC_WARN_UNDECLARED_SELECTOR = YES;
				GCC_WARN_UNINITIALIZED_AUTOS = YES_AGGRESSIVE;
				GCC_WARN_UNUSED_FUNCTION = YES;
				GCC_WARN_UNUSED_VARIABLE = YES;
				IPHONEOS_DEPLOYMENT_TARGET = 12.0;
				MTL_ENABLE_DEBUG_INFO = INCLUDE_SOURCE;
				MTL_FAST_MATH = YES;
				ONLY_ACTIVE_ARCH = YES;
				SDKROOT = iphoneos;
				SWIFT_ACTIVE_COMPILATION_CONDITIONS = DEBUG;
				SWIFT_OPTIMIZATION_LEVEL = "-Onone";
			};
			name = Debug;
		};
		B18E18C2217C238E005E97CE /* Release */ = {
			isa = XCBuildConfiguration;
			buildSettings = {
				ALWAYS_SEARCH_USER_PATHS = NO;
				CLANG_ANALYZER_NONNULL = YES;
				CLANG_ANALYZER_NUMBER_OBJECT_CONVERSION = YES_AGGRESSIVE;
				CLANG_CXX_LANGUAGE_STANDARD = "gnu++14";
				CLANG_CXX_LIBRARY = "libc++";
				CLANG_ENABLE_MODULES = YES;
				CLANG_ENABLE_OBJC_ARC = YES;
				CLANG_ENABLE_OBJC_WEAK = YES;
				CLANG_WARN_BLOCK_CAPTURE_AUTORELEASING = YES;
				CLANG_WARN_BOOL_CONVERSION = YES;
				CLANG_WARN_COMMA = YES;
				CLANG_WARN_CONSTANT_CONVERSION = YES;
				CLANG_WARN_DEPRECATED_OBJC_IMPLEMENTATIONS = YES;
				CLANG_WARN_DIRECT_OBJC_ISA_USAGE = YES_ERROR;
				CLANG_WARN_DOCUMENTATION_COMMENTS = YES;
				CLANG_WARN_EMPTY_BODY = YES;
				CLANG_WARN_ENUM_CONVERSION = YES;
				CLANG_WARN_INFINITE_RECURSION = YES;
				CLANG_WARN_INT_CONVERSION = YES;
				CLANG_WARN_NON_LITERAL_NULL_CONVERSION = YES;
				CLANG_WARN_OBJC_IMPLICIT_RETAIN_SELF = YES;
				CLANG_WARN_OBJC_LITERAL_CONVERSION = YES;
				CLANG_WARN_OBJC_ROOT_CLASS = YES_ERROR;
				CLANG_WARN_RANGE_LOOP_ANALYSIS = YES;
				CLANG_WARN_STRICT_PROTOTYPES = YES;
				CLANG_WARN_SUSPICIOUS_MOVE = YES;
				CLANG_WARN_UNGUARDED_AVAILABILITY = YES_AGGRESSIVE;
				CLANG_WARN_UNREACHABLE_CODE = YES;
				CLANG_WARN__DUPLICATE_METHOD_MATCH = YES;
				CODE_SIGN_IDENTITY = "iPhone Developer";
				COPY_PHASE_STRIP = NO;
				DEBUG_INFORMATION_FORMAT = "dwarf-with-dsym";
				ENABLE_NS_ASSERTIONS = NO;
				ENABLE_STRICT_OBJC_MSGSEND = YES;
				GCC_C_LANGUAGE_STANDARD = gnu11;
				GCC_NO_COMMON_BLOCKS = YES;
				GCC_WARN_64_TO_32_BIT_CONVERSION = YES;
				GCC_WARN_ABOUT_RETURN_TYPE = YES_ERROR;
				GCC_WARN_UNDECLARED_SELECTOR = YES;
				GCC_WARN_UNINITIALIZED_AUTOS = YES_AGGRESSIVE;
				GCC_WARN_UNUSED_FUNCTION = YES;
				GCC_WARN_UNUSED_VARIABLE = YES;
				IPHONEOS_DEPLOYMENT_TARGET = 12.0;
				MTL_ENABLE_DEBUG_INFO = NO;
				MTL_FAST_MATH = YES;
				SDKROOT = iphoneos;
				SWIFT_COMPILATION_MODE = wholemodule;
				SWIFT_OPTIMIZATION_LEVEL = "-O";
				VALIDATE_PRODUCT = YES;
			};
			name = Release;
		};
		B18E18C4217C238E005E97CE /* Debug */ = {
			isa = XCBuildConfiguration;
			buildSettings = {
				ASSETCATALOG_COMPILER_APPICON_NAME = AppIcon;
				CODE_SIGN_STYLE = Automatic;
				DEVELOPMENT_TEAM = 8U54G7LGSB;
				INFOPLIST_FILE = LeetCode/Info.plist;
				LD_RUNPATH_SEARCH_PATHS = (
					"$(inherited)",
					"@executable_path/Frameworks",
				);
				PRODUCT_BUNDLE_IDENTIFIER = WTC.LeetCode;
				PRODUCT_NAME = "$(TARGET_NAME)";
				SWIFT_VERSION = 4.2;
				TARGETED_DEVICE_FAMILY = "1,2";
			};
			name = Debug;
		};
		B18E18C5217C238E005E97CE /* Release */ = {
			isa = XCBuildConfiguration;
			buildSettings = {
				ASSETCATALOG_COMPILER_APPICON_NAME = AppIcon;
				CODE_SIGN_STYLE = Automatic;
				DEVELOPMENT_TEAM = 8U54G7LGSB;
				INFOPLIST_FILE = LeetCode/Info.plist;
				LD_RUNPATH_SEARCH_PATHS = (
					"$(inherited)",
					"@executable_path/Frameworks",
				);
				PRODUCT_BUNDLE_IDENTIFIER = WTC.LeetCode;
				PRODUCT_NAME = "$(TARGET_NAME)";
				SWIFT_VERSION = 4.2;
				TARGETED_DEVICE_FAMILY = "1,2";
			};
			name = Release;
		};
		B18E18C7217C238E005E97CE /* Debug */ = {
			isa = XCBuildConfiguration;
			buildSettings = {
				ALWAYS_EMBED_SWIFT_STANDARD_LIBRARIES = YES;
				BUNDLE_LOADER = "$(TEST_HOST)";
				CODE_SIGN_STYLE = Automatic;
				DEVELOPMENT_TEAM = 8U54G7LGSB;
				INFOPLIST_FILE = LeetCodeTests/Info.plist;
				LD_RUNPATH_SEARCH_PATHS = (
					"$(inherited)",
					"@executable_path/Frameworks",
					"@loader_path/Frameworks",
				);
				PRODUCT_BUNDLE_IDENTIFIER = WTC.LeetCodeTests;
				PRODUCT_NAME = "$(TARGET_NAME)";
				SWIFT_VERSION = 4.2;
				TARGETED_DEVICE_FAMILY = "1,2";
				TEST_HOST = "$(BUILT_PRODUCTS_DIR)/LeetCode.app/LeetCode";
			};
			name = Debug;
		};
		B18E18C8217C238E005E97CE /* Release */ = {
			isa = XCBuildConfiguration;
			buildSettings = {
				ALWAYS_EMBED_SWIFT_STANDARD_LIBRARIES = YES;
				BUNDLE_LOADER = "$(TEST_HOST)";
				CODE_SIGN_STYLE = Automatic;
				DEVELOPMENT_TEAM = 8U54G7LGSB;
				INFOPLIST_FILE = LeetCodeTests/Info.plist;
				LD_RUNPATH_SEARCH_PATHS = (
					"$(inherited)",
					"@executable_path/Frameworks",
					"@loader_path/Frameworks",
				);
				PRODUCT_BUNDLE_IDENTIFIER = WTC.LeetCodeTests;
				PRODUCT_NAME = "$(TARGET_NAME)";
				SWIFT_VERSION = 4.2;
				TARGETED_DEVICE_FAMILY = "1,2";
				TEST_HOST = "$(BUILT_PRODUCTS_DIR)/LeetCode.app/LeetCode";
			};
			name = Release;
		};
/* End XCBuildConfiguration section */

/* Begin XCConfigurationList section */
		B18E18A1217C238D005E97CE /* Build configuration list for PBXProject "LeetCode" */ = {
			isa = XCConfigurationList;
			buildConfigurations = (
				B18E18C1217C238E005E97CE /* Debug */,
				B18E18C2217C238E005E97CE /* Release */,
			);
			defaultConfigurationIsVisible = 0;
			defaultConfigurationName = Release;
		};
		B18E18C3217C238E005E97CE /* Build configuration list for PBXNativeTarget "LeetCode" */ = {
			isa = XCConfigurationList;
			buildConfigurations = (
				B18E18C4217C238E005E97CE /* Debug */,
				B18E18C5217C238E005E97CE /* Release */,
			);
			defaultConfigurationIsVisible = 0;
			defaultConfigurationName = Release;
		};
		B18E18C6217C238E005E97CE /* Build configuration list for PBXNativeTarget "LeetCodeTests" */ = {
			isa = XCConfigurationList;
			buildConfigurations = (
				B18E18C7217C238E005E97CE /* Debug */,
				B18E18C8217C238E005E97CE /* Release */,
			);
			defaultConfigurationIsVisible = 0;
			defaultConfigurationName = Release;
		};
/* End XCConfigurationList section */
	};
	rootObject = B18E189E217C238D005E97CE /* Project object */;
}
